
Microsoft Visual Studio Solution File, Format Version 12.00
Project("{FAE04EC0-301F-11D3-BF4B-00C04F79EFBC}") = "Axon.Telegram", "src\Axon.Telegram\Axon.Telegram.csproj", "{94BB0A93-B360-4F4B-8503-4EAE2F213904}"
EndProject
Project("{2150E333-8FDC-42A3-9474-1A3956D46DE8}") = "src", "src", "{28030632-1FE8-4F45-AD8A-019ECA127712}"
EndProject
Project("{2150E333-8FDC-42A3-9474-1A3956D46DE8}") = "samples", "samples", "{3103A79E-82D0-40CF-8CE7-C84330FCEF9B}"
EndProject
Project("{FAE04EC0-301F-11D3-BF4B-00C04F79EFBC}") = "Axon.Telegram.Sample", "samples\Axon.Telegram.Sample\Axon.Telegram.Sample.csproj", "{D9720DC9-8324-4E13-82A6-7C25C4C0C662}"
EndProject
Project("{FAE04EC0-301F-11D3-BF4B-00C04F79EFBC}") = "Axon.Telegram.Commands", "src\Axon.Telegram.Commands\Axon.Telegram.Commands.csproj", "{86D77300-BB42-471C-B5A4-30C40170CF36}"
EndProject
Project("{FAE04EC0-301F-11D3-BF4B-00C04F79EFBC}") = "Axon.Telegram.Client", "src\Axon.Telegram.Client\Axon.Telegram.Client.csproj", "{B8D58079-9026-4BD4-A4CE-676C6C4525D1}"
EndProject
Project("{FAE04EC0-301F-11D3-BF4B-00C04F79EFBC}") = "Axon.Telegram.Abstractions", "src\Axon.Telegram.Abstractions\Axon.Telegram.Abstractions.csproj", "{87F46996-D209-41C4-8603-768940DE1F42}"
EndProject
Project("{FAE04EC0-301F-11D3-BF4B-00C04F79EFBC}") = "Axon.Telegram.Hosting", "src\Axon.Telegram.Hosting\Axon.Telegram.Hosting.csproj", "{524638A7-83E5-4079-996B-9D7026DEE1A0}"
EndProject
Project("{FAE04EC0-301F-11D3-BF4B-00C04F79EFBC}") = "Axon.Telegram.Interactivity", "src\Axon.Telegram.Interactivity\Axon.Telegram.Interactivity.csproj", "{D7689B6E-A67C-4E82-9328-DD977F54BC55}"
EndProject
Global
	GlobalSection(SolutionConfigurationPlatforms) = preSolution
		Debug|Any CPU = Debug|Any CPU
		Release|Any CPU = Release|Any CPU
	EndGlobalSection
	GlobalSection(ProjectConfigurationPlatforms) = postSolution
		{94BB0A93-B360-4F4B-8503-4EAE2F213904}.Debug|Any CPU.ActiveCfg = Debug|Any CPU
		{94BB0A93-B360-4F4B-8503-4EAE2F213904}.Debug|Any CPU.Build.0 = Debug|Any CPU
		{94BB0A93-B360-4F4B-8503-4EAE2F213904}.Release|Any CPU.ActiveCfg = Release|Any CPU
		{94BB0A93-B360-4F4B-8503-4EAE2F213904}.Release|Any CPU.Build.0 = Release|Any CPU
		{D9720DC9-8324-4E13-82A6-7C25C4C0C662}.Debug|Any CPU.ActiveCfg = Debug|Any CPU
		{D9720DC9-8324-4E13-82A6-7C25C4C0C662}.Debug|Any CPU.Build.0 = Debug|Any CPU
		{D9720DC9-8324-4E13-82A6-7C25C4C0C662}.Release|Any CPU.ActiveCfg = Release|Any CPU
		{D9720DC9-8324-4E13-82A6-7C25C4C0C662}.Release|Any CPU.Build.0 = Release|Any CPU
		{86D77300-BB42-471C-B5A4-30C40170CF36}.Debug|Any CPU.ActiveCfg = Debug|Any CPU
		{86D77300-BB42-471C-B5A4-30C40170CF36}.Debug|Any CPU.Build.0 = Debug|Any CPU
		{86D77300-BB42-471C-B5A4-30C40170CF36}.Release|Any CPU.ActiveCfg = Release|Any CPU
		{86D77300-BB42-471C-B5A4-30C40170CF36}.Release|Any CPU.Build.0 = Release|Any CPU
		{B8D58079-9026-4BD4-A4CE-676C6C4525D1}.Debug|Any CPU.ActiveCfg = Debug|Any CPU
		{B8D58079-9026-4BD4-A4CE-676C6C4525D1}.Debug|Any CPU.Build.0 = Debug|Any CPU
		{B8D58079-9026-4BD4-A4CE-676C6C4525D1}.Release|Any CPU.ActiveCfg = Release|Any CPU
		{B8D58079-9026-4BD4-A4CE-676C6C4525D1}.Release|Any CPU.Build.0 = Release|Any CPU
		{87F46996-D209-41C4-8603-768940DE1F42}.Debug|Any CPU.ActiveCfg = Debug|Any CPU
		{87F46996-D209-41C4-8603-768940DE1F42}.Debug|Any CPU.Build.0 = Debug|Any CPU
		{87F46996-D209-41C4-8603-768940DE1F42}.Release|Any CPU.ActiveCfg = Release|Any CPU
		{87F46996-D209-41C4-8603-768940DE1F42}.Release|Any CPU.Build.0 = Release|Any CPU
		{524638A7-83E5-4079-996B-9D7026DEE1A0}.Debug|Any CPU.ActiveCfg = Debug|Any CPU
		{524638A7-83E5-4079-996B-9D7026DEE1A0}.Debug|Any CPU.Build.0 = Debug|Any CPU
		{524638A7-83E5-4079-996B-9D7026DEE1A0}.Release|Any CPU.ActiveCfg = Release|Any CPU
		{524638A7-83E5-4079-996B-9D7026DEE1A0}.Release|Any CPU.Build.0 = Release|Any CPU
		{D7689B6E-A67C-4E82-9328-DD977F54BC55}.Debug|Any CPU.ActiveCfg = Debug|Any CPU
		{D7689B6E-A67C-4E82-9328-DD977F54BC55}.Debug|Any CPU.Build.0 = Debug|Any CPU
		{D7689B6E-A67C-4E82-9328-DD977F54BC55}.Release|Any CPU.ActiveCfg = Release|Any CPU
		{D7689B6E-A67C-4E82-9328-DD977F54BC55}.Release|Any CPU.Build.0 = Release|Any CPU
	EndGlobalSection
	GlobalSection(NestedProjects) = preSolution
		{94BB0A93-B360-4F4B-8503-4EAE2F213904} = {28030632-1FE8-4F45-AD8A-019ECA127712}
		{D9720DC9-8324-4E13-82A6-7C25C4C0C662} = {3103A79E-82D0-40CF-8CE7-C84330FCEF9B}
		{86D77300-BB42-471C-B5A4-30C40170CF36} = {28030632-1FE8-4F45-AD8A-019ECA127712}
		{B8D58079-9026-4BD4-A4CE-676C6C4525D1} = {28030632-1FE8-4F45-AD8A-019ECA127712}
		{87F46996-D209-41C4-8603-768940DE1F42} = {28030632-1FE8-4F45-AD8A-019ECA127712}
		{524638A7-83E5-4079-996B-9D7026DEE1A0} = {28030632-1FE8-4F45-AD8A-019ECA127712}
		{D7689B6E-A67C-4E82-9328-DD977F54BC55} = {28030632-1FE8-4F45-AD8A-019ECA127712}
	EndGlobalSection
EndGlobal
